
Microsoft Visual Studio Solution File, Format Version 12.00
# Visual Studio 2013
VisualStudioVersion = 12.0.31101.0
MinimumVisualStudioVersion = 10.0.40219.1
Project("{FAE04EC0-301F-11D3-BF4B-00C04F79EFBC}") = "ConfigServiceDemo", "ConfigServiceDemo\ConfigServiceDemo.csproj", "{631B41B3-D34A-4529-A8EC-2FCBFE1071DF}"
EndProject
Project("{FAE04EC0-301F-11D3-BF4B-00C04F79EFBC}") = "MasterElectionDemo", "MasterElectionDemo\MasterElectionDemo.csproj", "{829C1C3D-5673-4B8E-A290-71154ED9D209}"
EndProject
Project("{2150E333-8FDC-42A3-9474-1A3956D46DE8}") = "ReferenceDll", "ReferenceDll", "{02DAC3D1-7EB6-45C9-9ACB-7C9C0492D30A}"
	ProjectSection(SolutionItems) = preProject
		ReferenceDll\log4net.dll = ReferenceDll\log4net.dll
		ReferenceDll\log4net.xml = ReferenceDll\log4net.xml
		ReferenceDll\Readme.txt = ReferenceDll\Readme.txt
		ReferenceDll\ZooKeeperNet.dll = ReferenceDll\ZooKeeperNet.dll
		ReferenceDll\ZooKeeperNet.XML = ReferenceDll\ZooKeeperNet.XML
	EndProjectSection
EndProject
Global
	GlobalSection(SolutionConfigurationPlatforms) = preSolution
		Debug|Any CPU = Debug|Any CPU
		Release|Any CPU = Release|Any CPU
	EndGlobalSection
	GlobalSection(ProjectConfigurationPlatforms) = postSolution
		{631B41B3-D34A-4529-A8EC-2FCBFE1071DF}.Debug|Any CPU.ActiveCfg = Debug|Any CPU
		{631B41B3-D34A-4529-A8EC-2FCBFE1071DF}.Debug|Any CPU.Build.0 = Debug|Any CPU
		{631B41B3-D34A-4529-A8EC-2FCBFE1071DF}.Release|Any CPU.ActiveCfg = Release|Any CPU
		{631B41B3-D34A-4529-A8EC-2FCBFE1071DF}.Release|Any CPU.Build.0 = Release|Any CPU
		{829C1C3D-5673-4B8E-A290-71154ED9D209}.Debug|Any CPU.ActiveCfg = Debug|Any CPU
		{829C1C3D-5673-4B8E-A290-71154ED9D209}.Debug|Any CPU.Build.0 = Debug|Any CPU
		{829C1C3D-5673-4B8E-A290-71154ED9D209}.Release|Any CPU.ActiveCfg = Release|Any CPU
		{829C1C3D-5673-4B8E-A290-71154ED9D209}.Release|Any CPU.Build.0 = Release|Any CPU
	EndGlobalSection
	GlobalSection(SolutionProperties) = preSolution
		HideSolutionNode = FALSE
	EndGlobalSection
EndGlobal
